
Microsoft Visual Studio Solution File, Format Version 12.00
# Visual Studio Version 17
VisualStudioVersion = 17.1.32421.90
MinimumVisualStudioVersion = 10.0.40219.1
Project("{9A19103F-16F7-4668-BE54-9A1E7A4F7556}") = "VisiologyAPI", "VisiologyAPI\VisiologyAPI.csproj", "{7E4EF542-B3DD-4F10-88E9-9168FC390992}"
EndProject
Project("{9A19103F-16F7-4668-BE54-9A1E7A4F7556}") = "ViQube.Model", "ViQube.Model\ViQube.Model.csproj", "{B3495D83-748C-4251-8B24-D4E317D52269}"
EndProject
Project("{9A19103F-16F7-4668-BE54-9A1E7A4F7556}") = "ViQube.Provider", "ViQube.Provider\ViQube.Provider.csproj", "{D88437F8-99E1-4EA3-8038-A6D06C343B1E}"
EndProject
Global
	GlobalSection(SolutionConfigurationPlatforms) = preSolution
		Debug|Any CPU = Debug|Any CPU
		Release|Any CPU = Release|Any CPU
	EndGlobalSection
	GlobalSection(ProjectConfigurationPlatforms) = postSolution
		{7E4EF542-B3DD-4F10-88E9-9168FC390992}.Debug|Any CPU.ActiveCfg = Debug|Any CPU
		{7E4EF542-B3DD-4F10-88E9-9168FC390992}.Debug|Any CPU.Build.0 = Debug|Any CPU
		{7E4EF542-B3DD-4F10-88E9-9168FC390992}.Release|Any CPU.ActiveCfg = Release|Any CPU
		{7E4EF542-B3DD-4F10-88E9-9168FC390992}.Release|Any CPU.Build.0 = Release|Any CPU
		{B3495D83-748C-4251-8B24-D4E317D52269}.Debug|Any CPU.ActiveCfg = Debug|Any CPU
		{B3495D83-748C-4251-8B24-D4E317D52269}.Debug|Any CPU.Build.0 = Debug|Any CPU
		{B3495D83-748C-4251-8B24-D4E317D52269}.Release|Any CPU.ActiveCfg = Release|Any CPU
		{B3495D83-748C-4251-8B24-D4E317D52269}.Release|Any CPU.Build.0 = Release|Any CPU
		{D88437F8-99E1-4EA3-8038-A6D06C343B1E}.Debug|Any CPU.ActiveCfg = Debug|Any CPU
		{D88437F8-99E1-4EA3-8038-A6D06C343B1E}.Debug|Any CPU.Build.0 = Debug|Any CPU
		{D88437F8-99E1-4EA3-8038-A6D06C343B1E}.Release|Any CPU.ActiveCfg = Release|Any CPU
		{D88437F8-99E1-4EA3-8038-A6D06C343B1E}.Release|Any CPU.Build.0 = Release|Any CPU
	EndGlobalSection
	GlobalSection(SolutionProperties) = preSolution
		HideSolutionNode = FALSE
	EndGlobalSection
	GlobalSection(ExtensibilityGlobals) = postSolution
		SolutionGuid = {2186EDC2-60AB-4F57-A48F-E9EDF7DD50B3}
	EndGlobalSection
EndGlobal
